
Microsoft Visual Studio Solution File, Format Version 12.00
Project("{2150E333-8FDC-42A3-9474-1A3956D46DE8}") = "src", "src", "{54B98337-47F2-4773-91AA-D41CE4326BF3}"
EndProject
Project("{FAE04EC0-301F-11D3-BF4B-00C04F79EFBC}") = "ImanN.DynamicFields", "src\ImanN.DynamicFields\ImanN.DynamicFields.csproj", "{53683357-ACF2-4B6A-A45A-59419147A315}"
EndProject
Project("{2150E333-8FDC-42A3-9474-1A3956D46DE8}") = "test", "test", "{6F22B4C6-56F0-4654-95F1-ED8C20326CB1}"
EndProject
Project("{FAE04EC0-301F-11D3-BF4B-00C04F79EFBC}") = "DynamicFields.UnitTests", "test\DynamicFields.UnitTests\DynamicFields.UnitTests.csproj", "{0ADAA552-08AB-4421-A2CC-1E7CB21EDC0A}"
EndProject
Project("{FAE04EC0-301F-11D3-BF4B-00C04F79EFBC}") = "ImanN.DynamicFields.Persistence", "src\ImanN.DynamicFields.Persistence\ImanN.DynamicFields.Persistence.csproj", "{69342326-791B-4FE4-BF2F-196101A32D2F}"
EndProject
Project("{FAE04EC0-301F-11D3-BF4B-00C04F79EFBC}") = "ImanN.DynamicFields.EntityFramework", "src\ImanN.DynamicFields.EntityFramework\ImanN.DynamicFields.EntityFramework.csproj", "{D8E54167-6127-4C83-848E-CC3641F94A19}"
EndProject
Global
	GlobalSection(SolutionConfigurationPlatforms) = preSolution
		Debug|Any CPU = Debug|Any CPU
		Release|Any CPU = Release|Any CPU
	EndGlobalSection
	GlobalSection(NestedProjects) = preSolution
		{53683357-ACF2-4B6A-A45A-59419147A315} = {54B98337-47F2-4773-91AA-D41CE4326BF3}
		{0ADAA552-08AB-4421-A2CC-1E7CB21EDC0A} = {6F22B4C6-56F0-4654-95F1-ED8C20326CB1}
		{69342326-791B-4FE4-BF2F-196101A32D2F} = {54B98337-47F2-4773-91AA-D41CE4326BF3}
		{D8E54167-6127-4C83-848E-CC3641F94A19} = {54B98337-47F2-4773-91AA-D41CE4326BF3}
	EndGlobalSection
	GlobalSection(ProjectConfigurationPlatforms) = postSolution
		{53683357-ACF2-4B6A-A45A-59419147A315}.Debug|Any CPU.ActiveCfg = Debug|Any CPU
		{53683357-ACF2-4B6A-A45A-59419147A315}.Debug|Any CPU.Build.0 = Debug|Any CPU
		{53683357-ACF2-4B6A-A45A-59419147A315}.Release|Any CPU.ActiveCfg = Release|Any CPU
		{53683357-ACF2-4B6A-A45A-59419147A315}.Release|Any CPU.Build.0 = Release|Any CPU
		{0ADAA552-08AB-4421-A2CC-1E7CB21EDC0A}.Debug|Any CPU.ActiveCfg = Debug|Any CPU
		{0ADAA552-08AB-4421-A2CC-1E7CB21EDC0A}.Debug|Any CPU.Build.0 = Debug|Any CPU
		{0ADAA552-08AB-4421-A2CC-1E7CB21EDC0A}.Release|Any CPU.ActiveCfg = Release|Any CPU
		{0ADAA552-08AB-4421-A2CC-1E7CB21EDC0A}.Release|Any CPU.Build.0 = Release|Any CPU
		{69342326-791B-4FE4-BF2F-196101A32D2F}.Debug|Any CPU.ActiveCfg = Debug|Any CPU
		{69342326-791B-4FE4-BF2F-196101A32D2F}.Debug|Any CPU.Build.0 = Debug|Any CPU
		{69342326-791B-4FE4-BF2F-196101A32D2F}.Release|Any CPU.ActiveCfg = Release|Any CPU
		{69342326-791B-4FE4-BF2F-196101A32D2F}.Release|Any CPU.Build.0 = Release|Any CPU
		{D8E54167-6127-4C83-848E-CC3641F94A19}.Debug|Any CPU.ActiveCfg = Debug|Any CPU
		{D8E54167-6127-4C83-848E-CC3641F94A19}.Debug|Any CPU.Build.0 = Debug|Any CPU
		{D8E54167-6127-4C83-848E-CC3641F94A19}.Release|Any CPU.ActiveCfg = Release|Any CPU
		{D8E54167-6127-4C83-848E-CC3641F94A19}.Release|Any CPU.Build.0 = Release|Any CPU
	EndGlobalSection
EndGlobal
